
Microsoft Visual Studio Solution File, Format Version 12.00
# Visual Studio Version 16
VisualStudioVersion = 16.0.30114.105
MinimumVisualStudioVersion = 10.0.40219.1
Project("{FAE04EC0-301F-11D3-BF4B-00C04F79EFBC}") = "cman", "cman.csproj", "{E50608E3-43E5-4632-9497-D6FFD0EFBF89}"
EndProject
Project("{FAE04EC0-301F-11D3-BF4B-00C04F79EFBC}") = "Phantasma.RpcClient", "..\PhantasmaRpcClient\Phantasma.RpcClient\Phantasma.RpcClient.csproj", "{1A7F063D-8368-4722-B8DC-8636B881C493}"
EndProject
Project("{FAE04EC0-301F-11D3-BF4B-00C04F79EFBC}") = "Phantasma.Core", "..\phantasma-ng\Phantasma.Core\src\Phantasma.Core.csproj", "{2D21D3D3-226C-4513-9F36-A32F4BB47B31}"
EndProject
Project("{FAE04EC0-301F-11D3-BF4B-00C04F79EFBC}") = "Phantasma.Business", "..\phantasma-ng\Phantasma.Business\src\Phantasma.Business.csproj", "{99A862D8-8CEE-426E-A030-DC219669846C}"
EndProject
Global
	GlobalSection(SolutionConfigurationPlatforms) = preSolution
		Debug|Any CPU = Debug|Any CPU
		Release|Any CPU = Release|Any CPU
	EndGlobalSection
	GlobalSection(SolutionProperties) = preSolution
		HideSolutionNode = FALSE
	EndGlobalSection
	GlobalSection(ProjectConfigurationPlatforms) = postSolution
		{E50608E3-43E5-4632-9497-D6FFD0EFBF89}.Debug|Any CPU.ActiveCfg = Debug|Any CPU
		{E50608E3-43E5-4632-9497-D6FFD0EFBF89}.Debug|Any CPU.Build.0 = Debug|Any CPU
		{E50608E3-43E5-4632-9497-D6FFD0EFBF89}.Release|Any CPU.ActiveCfg = Release|Any CPU
		{E50608E3-43E5-4632-9497-D6FFD0EFBF89}.Release|Any CPU.Build.0 = Release|Any CPU
		{1A7F063D-8368-4722-B8DC-8636B881C493}.Debug|Any CPU.ActiveCfg = Debug|Any CPU
		{1A7F063D-8368-4722-B8DC-8636B881C493}.Debug|Any CPU.Build.0 = Debug|Any CPU
		{1A7F063D-8368-4722-B8DC-8636B881C493}.Release|Any CPU.ActiveCfg = Release|Any CPU
		{1A7F063D-8368-4722-B8DC-8636B881C493}.Release|Any CPU.Build.0 = Release|Any CPU
		{2D21D3D3-226C-4513-9F36-A32F4BB47B31}.Debug|Any CPU.ActiveCfg = Debug|Any CPU
		{2D21D3D3-226C-4513-9F36-A32F4BB47B31}.Debug|Any CPU.Build.0 = Debug|Any CPU
		{2D21D3D3-226C-4513-9F36-A32F4BB47B31}.Release|Any CPU.ActiveCfg = Release|Any CPU
		{2D21D3D3-226C-4513-9F36-A32F4BB47B31}.Release|Any CPU.Build.0 = Release|Any CPU
		{99A862D8-8CEE-426E-A030-DC219669846C}.Debug|Any CPU.ActiveCfg = Debug|Any CPU
		{99A862D8-8CEE-426E-A030-DC219669846C}.Debug|Any CPU.Build.0 = Debug|Any CPU
		{99A862D8-8CEE-426E-A030-DC219669846C}.Release|Any CPU.ActiveCfg = Release|Any CPU
		{99A862D8-8CEE-426E-A030-DC219669846C}.Release|Any CPU.Build.0 = Release|Any CPU
	EndGlobalSection
EndGlobal
